
Microsoft Visual Studio Solution File, Format Version 12.00
# Visual Studio 2013
VisualStudioVersion = 12.0.30110.0
MinimumVisualStudioVersion = 10.0.40219.1
Project("{8BC9CEB8-8B4A-11D0-8D11-00A0C91BC942}") = "melia", "melia\melia.vcxproj", "{CCD8D23D-BCB7-4F6B-AA38-6BF3FC3E8763}"
EndProject
Global
	GlobalSection(SolutionConfigurationPlatforms) = preSolution
		Debug|Win32 = Debug|Win32
		Release|Win32 = Release|Win32
	EndGlobalSection
	GlobalSection(ProjectConfigurationPlatforms) = postSolution
		{CCD8D23D-BCB7-4F6B-AA38-6BF3FC3E8763}.Debug|Win32.ActiveCfg = Debug|Win32
		{CCD8D23D-BCB7-4F6B-AA38-6BF3FC3E8763}.Debug|Win32.Build.0 = Debug|Win32
		{CCD8D23D-BCB7-4F6B-AA38-6BF3FC3E8763}.Release|Win32.ActiveCfg = Release|Win32
		{CCD8D23D-BCB7-4F6B-AA38-6BF3FC3E8763}.Release|Win32.Build.0 = Release|Win32
	EndGlobalSection
	GlobalSection(SolutionProperties) = preSolution
		HideSolutionNode = FALSE
	EndGlobalSection
EndGlobal
